
Microsoft Visual Studio Solution File, Format Version 12.00
# Visual Studio Version 16
VisualStudioVersion = 16.0.31613.86
MinimumVisualStudioVersion = 10.0.40219.1
Project("{FAE04EC0-301F-11D3-BF4B-00C04F79EFBC}") = "Online Assessment System", "Online Assessment System.csproj", "{F6BA4A36-FB63-4BA2-97EB-6156D16CF58E}"
EndProject
Global
	GlobalSection(SolutionConfigurationPlatforms) = preSolution
		Debug|Any CPU = Debug|Any CPU
		Release|Any CPU = Release|Any CPU
	EndGlobalSection
	GlobalSection(ProjectConfigurationPlatforms) = postSolution
		{F6BA4A36-FB63-4BA2-97EB-6156D16CF58E}.Debug|Any CPU.ActiveCfg = Debug|Any CPU
		{F6BA4A36-FB63-4BA2-97EB-6156D16CF58E}.Debug|Any CPU.Build.0 = Debug|Any CPU
		{F6BA4A36-FB63-4BA2-97EB-6156D16CF58E}.Release|Any CPU.ActiveCfg = Release|Any CPU
		{F6BA4A36-FB63-4BA2-97EB-6156D16CF58E}.Release|Any CPU.Build.0 = Release|Any CPU
	EndGlobalSection
	GlobalSection(SolutionProperties) = preSolution
		HideSolutionNode = FALSE
	EndGlobalSection
	GlobalSection(ExtensibilityGlobals) = postSolution
		SolutionGuid = {679C1BB3-164E-4304-8685-56CEF0232053}
	EndGlobalSection
EndGlobal
